
Microsoft Visual Studio Solution File, Format Version 12.00
# Visual Studio Version 16
VisualStudioVersion = 16.0.30717.126
MinimumVisualStudioVersion = 10.0.40219.1
Project("{FAE04EC0-301F-11D3-BF4B-00C04F79EFBC}") = "01.Reverse-Strings", "01.Reverse-Strings\01.Reverse-Strings.csproj", "{1C435689-BCF3-4224-AA8B-F445EE853AF3}"
EndProject
Project("{FAE04EC0-301F-11D3-BF4B-00C04F79EFBC}") = "02.Repeat-Strings", "02.Repeat-Strings\02.Repeat-Strings.csproj", "{3AA95C00-D75A-438F-8EA2-C5F7DAF05A91}"
EndProject
Project("{FAE04EC0-301F-11D3-BF4B-00C04F79EFBC}") = "03.Substring", "03.Substring\03.Substring.csproj", "{55D13AAD-DD3F-4890-A11C-82EC1AA2B1FA}"
EndProject
Project("{FAE04EC0-301F-11D3-BF4B-00C04F79EFBC}") = "04.Text-Filter", "04.Text-Filter\04.Text-Filter.csproj", "{6E626656-5140-4BD7-84B2-5EC23BB3B03F}"
EndProject
Project("{FAE04EC0-301F-11D3-BF4B-00C04F79EFBC}") = "05.Digits-Letters-And-Other", "05.Digits-Letters-And-Other\05.Digits-Letters-And-Other.csproj", "{F22D5F67-D480-4B69-B16C-3767E514C05F}"
EndProject
Global
	GlobalSection(SolutionConfigurationPlatforms) = preSolution
		Debug|Any CPU = Debug|Any CPU
		Release|Any CPU = Release|Any CPU
	EndGlobalSection
	GlobalSection(ProjectConfigurationPlatforms) = postSolution
		{1C435689-BCF3-4224-AA8B-F445EE853AF3}.Debug|Any CPU.ActiveCfg = Debug|Any CPU
		{1C435689-BCF3-4224-AA8B-F445EE853AF3}.Debug|Any CPU.Build.0 = Debug|Any CPU
		{1C435689-BCF3-4224-AA8B-F445EE853AF3}.Release|Any CPU.ActiveCfg = Release|Any CPU
		{1C435689-BCF3-4224-AA8B-F445EE853AF3}.Release|Any CPU.Build.0 = Release|Any CPU
		{3AA95C00-D75A-438F-8EA2-C5F7DAF05A91}.Debug|Any CPU.ActiveCfg = Debug|Any CPU
		{3AA95C00-D75A-438F-8EA2-C5F7DAF05A91}.Debug|Any CPU.Build.0 = Debug|Any CPU
		{3AA95C00-D75A-438F-8EA2-C5F7DAF05A91}.Release|Any CPU.ActiveCfg = Release|Any CPU
		{3AA95C00-D75A-438F-8EA2-C5F7DAF05A91}.Release|Any CPU.Build.0 = Release|Any CPU
		{55D13AAD-DD3F-4890-A11C-82EC1AA2B1FA}.Debug|Any CPU.ActiveCfg = Debug|Any CPU
		{55D13AAD-DD3F-4890-A11C-82EC1AA2B1FA}.Debug|Any CPU.Build.0 = Debug|Any CPU
		{55D13AAD-DD3F-4890-A11C-82EC1AA2B1FA}.Release|Any CPU.ActiveCfg = Release|Any CPU
		{55D13AAD-DD3F-4890-A11C-82EC1AA2B1FA}.Release|Any CPU.Build.0 = Release|Any CPU
		{6E626656-5140-4BD7-84B2-5EC23BB3B03F}.Debug|Any CPU.ActiveCfg = Debug|Any CPU
		{6E626656-5140-4BD7-84B2-5EC23BB3B03F}.Debug|Any CPU.Build.0 = Debug|Any CPU
		{6E626656-5140-4BD7-84B2-5EC23BB3B03F}.Release|Any CPU.ActiveCfg = Release|Any CPU
		{6E626656-5140-4BD7-84B2-5EC23BB3B03F}.Release|Any CPU.Build.0 = Release|Any CPU
		{F22D5F67-D480-4B69-B16C-3767E514C05F}.Debug|Any CPU.ActiveCfg = Debug|Any CPU
		{F22D5F67-D480-4B69-B16C-3767E514C05F}.Debug|Any CPU.Build.0 = Debug|Any CPU
		{F22D5F67-D480-4B69-B16C-3767E514C05F}.Release|Any CPU.ActiveCfg = Release|Any CPU
		{F22D5F67-D480-4B69-B16C-3767E514C05F}.Release|Any CPU.Build.0 = Release|Any CPU
	EndGlobalSection
	GlobalSection(SolutionProperties) = preSolution
		HideSolutionNode = FALSE
	EndGlobalSection
	GlobalSection(ExtensibilityGlobals) = postSolution
		SolutionGuid = {B5DFC410-9DBA-46B7-8230-7FAC9413E1DC}
	EndGlobalSection
EndGlobal
