
Microsoft Visual Studio Solution File, Format Version 12.00
# Visual Studio Version 16
VisualStudioVersion = 16.0.30717.126
MinimumVisualStudioVersion = 10.0.40219.1
Project("{FAE04EC0-301F-11D3-BF4B-00C04F79EFBC}") = "01.Shapes", "01.Shapes\01.Shapes.csproj", "{58FE2835-1EEB-46D7-86E5-3794CE466C9A}"
EndProject
Project("{FAE04EC0-301F-11D3-BF4B-00C04F79EFBC}") = "02.Cars", "02.Cars\02.Cars.csproj", "{1AA19FCA-C0D1-4B2A-88C3-6174E2B21310}"
EndProject
Global
	GlobalSection(SolutionConfigurationPlatforms) = preSolution
		Debug|Any CPU = Debug|Any CPU
		Release|Any CPU = Release|Any CPU
	EndGlobalSection
	GlobalSection(ProjectConfigurationPlatforms) = postSolution
		{58FE2835-1EEB-46D7-86E5-3794CE466C9A}.Debug|Any CPU.ActiveCfg = Debug|Any CPU
		{58FE2835-1EEB-46D7-86E5-3794CE466C9A}.Debug|Any CPU.Build.0 = Debug|Any CPU
		{58FE2835-1EEB-46D7-86E5-3794CE466C9A}.Release|Any CPU.ActiveCfg = Release|Any CPU
		{58FE2835-1EEB-46D7-86E5-3794CE466C9A}.Release|Any CPU.Build.0 = Release|Any CPU
		{1AA19FCA-C0D1-4B2A-88C3-6174E2B21310}.Debug|Any CPU.ActiveCfg = Debug|Any CPU
		{1AA19FCA-C0D1-4B2A-88C3-6174E2B21310}.Debug|Any CPU.Build.0 = Debug|Any CPU
		{1AA19FCA-C0D1-4B2A-88C3-6174E2B21310}.Release|Any CPU.ActiveCfg = Release|Any CPU
		{1AA19FCA-C0D1-4B2A-88C3-6174E2B21310}.Release|Any CPU.Build.0 = Release|Any CPU
	EndGlobalSection
	GlobalSection(SolutionProperties) = preSolution
		HideSolutionNode = FALSE
	EndGlobalSection
	GlobalSection(ExtensibilityGlobals) = postSolution
		SolutionGuid = {16D02276-E178-4127-A3AF-E4E80CA876EA}
	EndGlobalSection
EndGlobal
