
Microsoft Visual Studio Solution File, Format Version 12.00
# Visual Studio Version 16
VisualStudioVersion = 16.0.30717.126
MinimumVisualStudioVersion = 10.0.40219.1
Project("{FAE04EC0-301F-11D3-BF4B-00C04F79EFBC}") = "01.The-Fight-For-Gondor", "01.The-Fight-For-Gondor\01.The-Fight-For-Gondor.csproj", "{A4FE4C92-58B4-4C85-9038-03690380BB07}"
EndProject
Project("{FAE04EC0-301F-11D3-BF4B-00C04F79EFBC}") = "02.Warships", "02.Warships\02.Warships.csproj", "{EA8BEA8F-E980-4E9A-AD4D-9D99A7A243C9}"
EndProject
Project("{9A19103F-16F7-4668-BE54-9A1E7A4F7556}") = "03.The-Race", "03. The Race_Skeleton\The Race - skeleton\03.The-Race.csproj", "{8BC59A49-E85A-4B9A-A073-F0B24B0D4F62}"
EndProject
Global
	GlobalSection(SolutionConfigurationPlatforms) = preSolution
		Debug|Any CPU = Debug|Any CPU
		Release|Any CPU = Release|Any CPU
	EndGlobalSection
	GlobalSection(ProjectConfigurationPlatforms) = postSolution
		{A4FE4C92-58B4-4C85-9038-03690380BB07}.Debug|Any CPU.ActiveCfg = Debug|Any CPU
		{A4FE4C92-58B4-4C85-9038-03690380BB07}.Debug|Any CPU.Build.0 = Debug|Any CPU
		{A4FE4C92-58B4-4C85-9038-03690380BB07}.Release|Any CPU.ActiveCfg = Release|Any CPU
		{A4FE4C92-58B4-4C85-9038-03690380BB07}.Release|Any CPU.Build.0 = Release|Any CPU
		{EA8BEA8F-E980-4E9A-AD4D-9D99A7A243C9}.Debug|Any CPU.ActiveCfg = Debug|Any CPU
		{EA8BEA8F-E980-4E9A-AD4D-9D99A7A243C9}.Debug|Any CPU.Build.0 = Debug|Any CPU
		{EA8BEA8F-E980-4E9A-AD4D-9D99A7A243C9}.Release|Any CPU.ActiveCfg = Release|Any CPU
		{EA8BEA8F-E980-4E9A-AD4D-9D99A7A243C9}.Release|Any CPU.Build.0 = Release|Any CPU
		{8BC59A49-E85A-4B9A-A073-F0B24B0D4F62}.Debug|Any CPU.ActiveCfg = Debug|Any CPU
		{8BC59A49-E85A-4B9A-A073-F0B24B0D4F62}.Debug|Any CPU.Build.0 = Debug|Any CPU
		{8BC59A49-E85A-4B9A-A073-F0B24B0D4F62}.Release|Any CPU.ActiveCfg = Release|Any CPU
		{8BC59A49-E85A-4B9A-A073-F0B24B0D4F62}.Release|Any CPU.Build.0 = Release|Any CPU
	EndGlobalSection
	GlobalSection(SolutionProperties) = preSolution
		HideSolutionNode = FALSE
	EndGlobalSection
	GlobalSection(ExtensibilityGlobals) = postSolution
		SolutionGuid = {5470B948-578F-4057-968A-596D9CAA7CB8}
	EndGlobalSection
EndGlobal
