
Microsoft Visual Studio Solution File, Format Version 12.00
# Visual Studio Version 16
VisualStudioVersion = 16.0.30717.126
MinimumVisualStudioVersion = 10.0.40219.1
Project("{9A19103F-16F7-4668-BE54-9A1E7A4F7556}") = "01.Data-Type-Finder", "01.Data-Type-Finder\01.Data-Type-Finder.csproj", "{107C662A-09E9-48CF-A808-A7A880862BE7}"
EndProject
Project("{FAE04EC0-301F-11D3-BF4B-00C04F79EFBC}") = "02.From-Left-To-The-Right", "02.From-Left-To-The-Right\02.From-Left-To-The-Right.csproj", "{3D2C48DE-6C5D-4E5F-8FC2-5E9D7A41EACE}"
EndProject
Project("{FAE04EC0-301F-11D3-BF4B-00C04F79EFBC}") = "03.Floating-Equality", "03.Floating-Equality\03.Floating-Equality.csproj", "{6AC6491E-658D-44E3-826D-F47C3E408F94}"
EndProject
Project("{FAE04EC0-301F-11D3-BF4B-00C04F79EFBC}") = "04.Refactoring-Prime-Checker", "04.Refactoring-Prime-Checker\04.Refactoring-Prime-Checker.csproj", "{D816DA5D-2FBB-42EF-B1AE-893F70EF5B0E}"
EndProject
Project("{FAE04EC0-301F-11D3-BF4B-00C04F79EFBC}") = "05.Decrypting-Message", "05.Decrypting-Message\05.Decrypting-Message.csproj", "{AC1613B8-C8FA-423F-8101-DBA4349ABD2F}"
EndProject
Project("{FAE04EC0-301F-11D3-BF4B-00C04F79EFBC}") = "06.Balanced-Brackets", "06.Balanced-Brackets\06.Balanced-Brackets.csproj", "{8003707B-6088-408B-B6AF-D5FA483137D0}"
EndProject
Global
	GlobalSection(SolutionConfigurationPlatforms) = preSolution
		Debug|Any CPU = Debug|Any CPU
		Release|Any CPU = Release|Any CPU
	EndGlobalSection
	GlobalSection(ProjectConfigurationPlatforms) = postSolution
		{107C662A-09E9-48CF-A808-A7A880862BE7}.Debug|Any CPU.ActiveCfg = Debug|Any CPU
		{107C662A-09E9-48CF-A808-A7A880862BE7}.Debug|Any CPU.Build.0 = Debug|Any CPU
		{107C662A-09E9-48CF-A808-A7A880862BE7}.Release|Any CPU.ActiveCfg = Release|Any CPU
		{107C662A-09E9-48CF-A808-A7A880862BE7}.Release|Any CPU.Build.0 = Release|Any CPU
		{3D2C48DE-6C5D-4E5F-8FC2-5E9D7A41EACE}.Debug|Any CPU.ActiveCfg = Debug|Any CPU
		{3D2C48DE-6C5D-4E5F-8FC2-5E9D7A41EACE}.Debug|Any CPU.Build.0 = Debug|Any CPU
		{3D2C48DE-6C5D-4E5F-8FC2-5E9D7A41EACE}.Release|Any CPU.ActiveCfg = Release|Any CPU
		{3D2C48DE-6C5D-4E5F-8FC2-5E9D7A41EACE}.Release|Any CPU.Build.0 = Release|Any CPU
		{6AC6491E-658D-44E3-826D-F47C3E408F94}.Debug|Any CPU.ActiveCfg = Debug|Any CPU
		{6AC6491E-658D-44E3-826D-F47C3E408F94}.Debug|Any CPU.Build.0 = Debug|Any CPU
		{6AC6491E-658D-44E3-826D-F47C3E408F94}.Release|Any CPU.ActiveCfg = Release|Any CPU
		{6AC6491E-658D-44E3-826D-F47C3E408F94}.Release|Any CPU.Build.0 = Release|Any CPU
		{D816DA5D-2FBB-42EF-B1AE-893F70EF5B0E}.Debug|Any CPU.ActiveCfg = Debug|Any CPU
		{D816DA5D-2FBB-42EF-B1AE-893F70EF5B0E}.Debug|Any CPU.Build.0 = Debug|Any CPU
		{D816DA5D-2FBB-42EF-B1AE-893F70EF5B0E}.Release|Any CPU.ActiveCfg = Release|Any CPU
		{D816DA5D-2FBB-42EF-B1AE-893F70EF5B0E}.Release|Any CPU.Build.0 = Release|Any CPU
		{AC1613B8-C8FA-423F-8101-DBA4349ABD2F}.Debug|Any CPU.ActiveCfg = Debug|Any CPU
		{AC1613B8-C8FA-423F-8101-DBA4349ABD2F}.Debug|Any CPU.Build.0 = Debug|Any CPU
		{AC1613B8-C8FA-423F-8101-DBA4349ABD2F}.Release|Any CPU.ActiveCfg = Release|Any CPU
		{AC1613B8-C8FA-423F-8101-DBA4349ABD2F}.Release|Any CPU.Build.0 = Release|Any CPU
		{8003707B-6088-408B-B6AF-D5FA483137D0}.Debug|Any CPU.ActiveCfg = Debug|Any CPU
		{8003707B-6088-408B-B6AF-D5FA483137D0}.Debug|Any CPU.Build.0 = Debug|Any CPU
		{8003707B-6088-408B-B6AF-D5FA483137D0}.Release|Any CPU.ActiveCfg = Release|Any CPU
		{8003707B-6088-408B-B6AF-D5FA483137D0}.Release|Any CPU.Build.0 = Release|Any CPU
	EndGlobalSection
	GlobalSection(SolutionProperties) = preSolution
		HideSolutionNode = FALSE
	EndGlobalSection
	GlobalSection(ExtensibilityGlobals) = postSolution
		SolutionGuid = {049C2EF1-79BF-48A9-BDBC-DA67BBE049F1}
	EndGlobalSection
EndGlobal
