
Microsoft Visual Studio Solution File, Format Version 12.00
# Visual Studio Version 16
VisualStudioVersion = 16.0.31105.61
MinimumVisualStudioVersion = 10.0.40219.1
Project("{9A19103F-16F7-4668-BE54-9A1E7A4F7556}") = "01.Lecture-Examples", "01.Lecture-Examples\01.Lecture-Examples.csproj", "{F905D5EB-0366-461B-B397-27F4E1E7CB4D}"
EndProject
Project("{9A19103F-16F7-4668-BE54-9A1E7A4F7556}") = "02.Stealer", "02.Stealer\02.Stealer.csproj", "{5EE63418-8BF6-46E4-9C48-6BD3A15E5E19}"
EndProject
Project("{9A19103F-16F7-4668-BE54-9A1E7A4F7556}") = "03.High-Quality-Mistakes", "03.High-Quality-Mistakes\03.High-Quality-Mistakes.csproj", "{7F67BA1C-B7DB-4364-8893-7772B9D19B08}"
EndProject
Project("{9A19103F-16F7-4668-BE54-9A1E7A4F7556}") = "04.Mission-Private-Impossible", "04.Mission-Private-Impossible\04.Mission-Private-Impossible.csproj", "{183AA293-7ABB-4199-B55F-62A15B1D31CA}"
EndProject
Project("{FAE04EC0-301F-11D3-BF4B-00C04F79EFBC}") = "05.Collector", "05.Collector\05.Collector.csproj", "{99CCD155-6D85-4735-A2C3-5AC0E9D23606}"
EndProject
Project("{FAE04EC0-301F-11D3-BF4B-00C04F79EFBC}") = "06.Create-Attribute", "06.Create-Attribute\06.Create-Attribute.csproj", "{B5184416-020C-4890-8D20-E462F416B963}"
EndProject
Project("{FAE04EC0-301F-11D3-BF4B-00C04F79EFBC}") = "07.Code-Тracker", "07.Code-Тracker\07.Code-Тracker.csproj", "{2750ED29-53C3-44DF-9D7B-421B9D6F0827}"
EndProject
Global
	GlobalSection(SolutionConfigurationPlatforms) = preSolution
		Debug|Any CPU = Debug|Any CPU
		Release|Any CPU = Release|Any CPU
	EndGlobalSection
	GlobalSection(ProjectConfigurationPlatforms) = postSolution
		{F905D5EB-0366-461B-B397-27F4E1E7CB4D}.Debug|Any CPU.ActiveCfg = Debug|Any CPU
		{F905D5EB-0366-461B-B397-27F4E1E7CB4D}.Debug|Any CPU.Build.0 = Debug|Any CPU
		{F905D5EB-0366-461B-B397-27F4E1E7CB4D}.Release|Any CPU.ActiveCfg = Release|Any CPU
		{F905D5EB-0366-461B-B397-27F4E1E7CB4D}.Release|Any CPU.Build.0 = Release|Any CPU
		{5EE63418-8BF6-46E4-9C48-6BD3A15E5E19}.Debug|Any CPU.ActiveCfg = Debug|Any CPU
		{5EE63418-8BF6-46E4-9C48-6BD3A15E5E19}.Debug|Any CPU.Build.0 = Debug|Any CPU
		{5EE63418-8BF6-46E4-9C48-6BD3A15E5E19}.Release|Any CPU.ActiveCfg = Release|Any CPU
		{5EE63418-8BF6-46E4-9C48-6BD3A15E5E19}.Release|Any CPU.Build.0 = Release|Any CPU
		{7F67BA1C-B7DB-4364-8893-7772B9D19B08}.Debug|Any CPU.ActiveCfg = Debug|Any CPU
		{7F67BA1C-B7DB-4364-8893-7772B9D19B08}.Debug|Any CPU.Build.0 = Debug|Any CPU
		{7F67BA1C-B7DB-4364-8893-7772B9D19B08}.Release|Any CPU.ActiveCfg = Release|Any CPU
		{7F67BA1C-B7DB-4364-8893-7772B9D19B08}.Release|Any CPU.Build.0 = Release|Any CPU
		{183AA293-7ABB-4199-B55F-62A15B1D31CA}.Debug|Any CPU.ActiveCfg = Debug|Any CPU
		{183AA293-7ABB-4199-B55F-62A15B1D31CA}.Debug|Any CPU.Build.0 = Debug|Any CPU
		{183AA293-7ABB-4199-B55F-62A15B1D31CA}.Release|Any CPU.ActiveCfg = Release|Any CPU
		{183AA293-7ABB-4199-B55F-62A15B1D31CA}.Release|Any CPU.Build.0 = Release|Any CPU
		{99CCD155-6D85-4735-A2C3-5AC0E9D23606}.Debug|Any CPU.ActiveCfg = Debug|Any CPU
		{99CCD155-6D85-4735-A2C3-5AC0E9D23606}.Debug|Any CPU.Build.0 = Debug|Any CPU
		{99CCD155-6D85-4735-A2C3-5AC0E9D23606}.Release|Any CPU.ActiveCfg = Release|Any CPU
		{99CCD155-6D85-4735-A2C3-5AC0E9D23606}.Release|Any CPU.Build.0 = Release|Any CPU
		{B5184416-020C-4890-8D20-E462F416B963}.Debug|Any CPU.ActiveCfg = Debug|Any CPU
		{B5184416-020C-4890-8D20-E462F416B963}.Debug|Any CPU.Build.0 = Debug|Any CPU
		{B5184416-020C-4890-8D20-E462F416B963}.Release|Any CPU.ActiveCfg = Release|Any CPU
		{B5184416-020C-4890-8D20-E462F416B963}.Release|Any CPU.Build.0 = Release|Any CPU
		{2750ED29-53C3-44DF-9D7B-421B9D6F0827}.Debug|Any CPU.ActiveCfg = Debug|Any CPU
		{2750ED29-53C3-44DF-9D7B-421B9D6F0827}.Debug|Any CPU.Build.0 = Debug|Any CPU
		{2750ED29-53C3-44DF-9D7B-421B9D6F0827}.Release|Any CPU.ActiveCfg = Release|Any CPU
		{2750ED29-53C3-44DF-9D7B-421B9D6F0827}.Release|Any CPU.Build.0 = Release|Any CPU
	EndGlobalSection
	GlobalSection(SolutionProperties) = preSolution
		HideSolutionNode = FALSE
	EndGlobalSection
	GlobalSection(ExtensibilityGlobals) = postSolution
		SolutionGuid = {47564625-2BD5-4A5E-BB15-271CCCAD6D28}
	EndGlobalSection
EndGlobal
