
Microsoft Visual Studio Solution File, Format Version 12.00
# Visual Studio Version 16
VisualStudioVersion = 16.0.30717.126
MinimumVisualStudioVersion = 10.0.40219.1
Project("{9A19103F-16F7-4668-BE54-9A1E7A4F7556}") = "01.Class-Box-Data", "01.Class-Box-Data\01.Class-Box-Data.csproj", "{2724760A-575F-4212-BE8C-F35D68FACA4A}"
EndProject
Project("{9A19103F-16F7-4668-BE54-9A1E7A4F7556}") = "02.Animal-Farm", "02.Animal-Farm\02.Animal-Farm.csproj", "{1216B63E-15B1-45DD-BF79-F9CF7019B8FD}"
EndProject
Project("{9A19103F-16F7-4668-BE54-9A1E7A4F7556}") = "03.Shopping-Spree", "03.Shopping-Spree\03.Shopping-Spree.csproj", "{1AAA39DB-6876-4D27-B46D-B73C1F9FC037}"
EndProject
Project("{FAE04EC0-301F-11D3-BF4B-00C04F79EFBC}") = "04.Pizza-Calories", "04.Pizza-Calories\04.Pizza-Calories.csproj", "{64E66DA5-E1FC-40D9-B568-C68FDD99C0E9}"
EndProject
Project("{FAE04EC0-301F-11D3-BF4B-00C04F79EFBC}") = "05.Football-Team-Generator", "05.Football-Team-Generator\05.Football-Team-Generator.csproj", "{8C3498D4-876F-43B0-AE6E-941CE77D1C8A}"
EndProject
Global
	GlobalSection(SolutionConfigurationPlatforms) = preSolution
		Debug|Any CPU = Debug|Any CPU
		Release|Any CPU = Release|Any CPU
	EndGlobalSection
	GlobalSection(ProjectConfigurationPlatforms) = postSolution
		{2724760A-575F-4212-BE8C-F35D68FACA4A}.Debug|Any CPU.ActiveCfg = Debug|Any CPU
		{2724760A-575F-4212-BE8C-F35D68FACA4A}.Debug|Any CPU.Build.0 = Debug|Any CPU
		{2724760A-575F-4212-BE8C-F35D68FACA4A}.Release|Any CPU.ActiveCfg = Release|Any CPU
		{2724760A-575F-4212-BE8C-F35D68FACA4A}.Release|Any CPU.Build.0 = Release|Any CPU
		{1216B63E-15B1-45DD-BF79-F9CF7019B8FD}.Debug|Any CPU.ActiveCfg = Debug|Any CPU
		{1216B63E-15B1-45DD-BF79-F9CF7019B8FD}.Debug|Any CPU.Build.0 = Debug|Any CPU
		{1216B63E-15B1-45DD-BF79-F9CF7019B8FD}.Release|Any CPU.ActiveCfg = Release|Any CPU
		{1216B63E-15B1-45DD-BF79-F9CF7019B8FD}.Release|Any CPU.Build.0 = Release|Any CPU
		{1AAA39DB-6876-4D27-B46D-B73C1F9FC037}.Debug|Any CPU.ActiveCfg = Debug|Any CPU
		{1AAA39DB-6876-4D27-B46D-B73C1F9FC037}.Debug|Any CPU.Build.0 = Debug|Any CPU
		{1AAA39DB-6876-4D27-B46D-B73C1F9FC037}.Release|Any CPU.ActiveCfg = Release|Any CPU
		{1AAA39DB-6876-4D27-B46D-B73C1F9FC037}.Release|Any CPU.Build.0 = Release|Any CPU
		{64E66DA5-E1FC-40D9-B568-C68FDD99C0E9}.Debug|Any CPU.ActiveCfg = Debug|Any CPU
		{64E66DA5-E1FC-40D9-B568-C68FDD99C0E9}.Debug|Any CPU.Build.0 = Debug|Any CPU
		{64E66DA5-E1FC-40D9-B568-C68FDD99C0E9}.Release|Any CPU.ActiveCfg = Release|Any CPU
		{64E66DA5-E1FC-40D9-B568-C68FDD99C0E9}.Release|Any CPU.Build.0 = Release|Any CPU
		{8C3498D4-876F-43B0-AE6E-941CE77D1C8A}.Debug|Any CPU.ActiveCfg = Debug|Any CPU
		{8C3498D4-876F-43B0-AE6E-941CE77D1C8A}.Debug|Any CPU.Build.0 = Debug|Any CPU
		{8C3498D4-876F-43B0-AE6E-941CE77D1C8A}.Release|Any CPU.ActiveCfg = Release|Any CPU
		{8C3498D4-876F-43B0-AE6E-941CE77D1C8A}.Release|Any CPU.Build.0 = Release|Any CPU
	EndGlobalSection
	GlobalSection(SolutionProperties) = preSolution
		HideSolutionNode = FALSE
	EndGlobalSection
	GlobalSection(ExtensibilityGlobals) = postSolution
		SolutionGuid = {9BA432A3-26D0-495D-947A-ABC3C33AC826}
	EndGlobalSection
EndGlobal
