
Microsoft Visual Studio Solution File, Format Version 12.00
# Visual Studio Version 16
VisualStudioVersion = 16.0.30114.105
MinimumVisualStudioVersion = 10.0.40219.1
Project("{9A19103F-16F7-4668-BE54-9A1E7A4F7556}") = "ForLoopsExercise", "ForLoopsExercise\ForLoopsExercise.csproj", "{D56C4609-3F9C-4E9B-9AD1-3634088352DA}"
EndProject
Project("{9A19103F-16F7-4668-BE54-9A1E7A4F7556}") = "HalfSumElement", "HalfSumElement\HalfSumElement.csproj", "{81FF8502-A4EE-4B14-97D8-62E0BF968B37}"
EndProject
Project("{9A19103F-16F7-4668-BE54-9A1E7A4F7556}") = "OddEvenPosition", "OddEvenPosition\OddEvenPosition.csproj", "{C6D74AC5-24F7-4E5E-9F03-F8BA0C563E57}"
EndProject
Project("{FAE04EC0-301F-11D3-BF4B-00C04F79EFBC}") = "Histogram", "Histogram\Histogram.csproj", "{56D5C346-F1D6-49D1-9DE3-25C1759B9A22}"
EndProject
Project("{FAE04EC0-301F-11D3-BF4B-00C04F79EFBC}") = "Salary", "Salary\Salary.csproj", "{A80C98C9-5708-4247-8CFB-DF93094B7F30}"
EndProject
Project("{FAE04EC0-301F-11D3-BF4B-00C04F79EFBC}") = "DivideWithoutRemainder", "DivideWithoutRemainder\DivideWithoutRemainder.csproj", "{72BD0EE9-78F2-4211-8BA0-7838293313E7}"
EndProject
Global
	GlobalSection(SolutionConfigurationPlatforms) = preSolution
		Debug|Any CPU = Debug|Any CPU
		Release|Any CPU = Release|Any CPU
	EndGlobalSection
	GlobalSection(ProjectConfigurationPlatforms) = postSolution
		{D56C4609-3F9C-4E9B-9AD1-3634088352DA}.Debug|Any CPU.ActiveCfg = Debug|Any CPU
		{D56C4609-3F9C-4E9B-9AD1-3634088352DA}.Debug|Any CPU.Build.0 = Debug|Any CPU
		{D56C4609-3F9C-4E9B-9AD1-3634088352DA}.Release|Any CPU.ActiveCfg = Release|Any CPU
		{D56C4609-3F9C-4E9B-9AD1-3634088352DA}.Release|Any CPU.Build.0 = Release|Any CPU
		{81FF8502-A4EE-4B14-97D8-62E0BF968B37}.Debug|Any CPU.ActiveCfg = Debug|Any CPU
		{81FF8502-A4EE-4B14-97D8-62E0BF968B37}.Debug|Any CPU.Build.0 = Debug|Any CPU
		{81FF8502-A4EE-4B14-97D8-62E0BF968B37}.Release|Any CPU.ActiveCfg = Release|Any CPU
		{81FF8502-A4EE-4B14-97D8-62E0BF968B37}.Release|Any CPU.Build.0 = Release|Any CPU
		{C6D74AC5-24F7-4E5E-9F03-F8BA0C563E57}.Debug|Any CPU.ActiveCfg = Debug|Any CPU
		{C6D74AC5-24F7-4E5E-9F03-F8BA0C563E57}.Debug|Any CPU.Build.0 = Debug|Any CPU
		{C6D74AC5-24F7-4E5E-9F03-F8BA0C563E57}.Release|Any CPU.ActiveCfg = Release|Any CPU
		{C6D74AC5-24F7-4E5E-9F03-F8BA0C563E57}.Release|Any CPU.Build.0 = Release|Any CPU
		{56D5C346-F1D6-49D1-9DE3-25C1759B9A22}.Debug|Any CPU.ActiveCfg = Debug|Any CPU
		{56D5C346-F1D6-49D1-9DE3-25C1759B9A22}.Debug|Any CPU.Build.0 = Debug|Any CPU
		{56D5C346-F1D6-49D1-9DE3-25C1759B9A22}.Release|Any CPU.ActiveCfg = Release|Any CPU
		{56D5C346-F1D6-49D1-9DE3-25C1759B9A22}.Release|Any CPU.Build.0 = Release|Any CPU
		{A80C98C9-5708-4247-8CFB-DF93094B7F30}.Debug|Any CPU.ActiveCfg = Debug|Any CPU
		{A80C98C9-5708-4247-8CFB-DF93094B7F30}.Debug|Any CPU.Build.0 = Debug|Any CPU
		{A80C98C9-5708-4247-8CFB-DF93094B7F30}.Release|Any CPU.ActiveCfg = Release|Any CPU
		{A80C98C9-5708-4247-8CFB-DF93094B7F30}.Release|Any CPU.Build.0 = Release|Any CPU
		{72BD0EE9-78F2-4211-8BA0-7838293313E7}.Debug|Any CPU.ActiveCfg = Debug|Any CPU
		{72BD0EE9-78F2-4211-8BA0-7838293313E7}.Debug|Any CPU.Build.0 = Debug|Any CPU
		{72BD0EE9-78F2-4211-8BA0-7838293313E7}.Release|Any CPU.ActiveCfg = Release|Any CPU
		{72BD0EE9-78F2-4211-8BA0-7838293313E7}.Release|Any CPU.Build.0 = Release|Any CPU
	EndGlobalSection
	GlobalSection(SolutionProperties) = preSolution
		HideSolutionNode = FALSE
	EndGlobalSection
	GlobalSection(ExtensibilityGlobals) = postSolution
		SolutionGuid = {0471F977-AC5D-40C0-8ED2-A4ACF1B99A43}
	EndGlobalSection
EndGlobal
