
Microsoft Visual Studio Solution File, Format Version 12.00
# Visual Studio Version 16
VisualStudioVersion = 16.0.30717.126
MinimumVisualStudioVersion = 10.0.40219.1
Project("{FAE04EC0-301F-11D3-BF4B-00C04F79EFBC}") = "01.Count-Real-Numbers", "01.Count-Real-Numbers\01.Count-Real-Numbers.csproj", "{4DC8567B-0423-49F7-8482-7311AE3FFA7D}"
EndProject
Project("{FAE04EC0-301F-11D3-BF4B-00C04F79EFBC}") = "02.Odd-Occurrences", "02.Odd-Occurrences\02.Odd-Occurrences.csproj", "{8ADD826B-A77B-457F-AE69-F4C5277E6843}"
EndProject
Project("{FAE04EC0-301F-11D3-BF4B-00C04F79EFBC}") = "03.Word-Synonyms", "03.Word-Synonyms\03.Word-Synonyms.csproj", "{EA9BA716-3F20-456F-B8F2-7F7453EAFEA1}"
EndProject
Project("{FAE04EC0-301F-11D3-BF4B-00C04F79EFBC}") = "04.Largest-3-Numbers", "04.Largest-3-Numbers\04.Largest-3-Numbers.csproj", "{F1127E14-3E17-4B2E-BFA9-948421A6D67F}"
EndProject
Project("{FAE04EC0-301F-11D3-BF4B-00C04F79EFBC}") = "05.Word-Filter", "05.Word-Filter\05.Word-Filter.csproj", "{321223EF-572F-4A71-B617-3E3FE8F2518B}"
EndProject
Global
	GlobalSection(SolutionConfigurationPlatforms) = preSolution
		Debug|Any CPU = Debug|Any CPU
		Release|Any CPU = Release|Any CPU
	EndGlobalSection
	GlobalSection(ProjectConfigurationPlatforms) = postSolution
		{4DC8567B-0423-49F7-8482-7311AE3FFA7D}.Debug|Any CPU.ActiveCfg = Debug|Any CPU
		{4DC8567B-0423-49F7-8482-7311AE3FFA7D}.Debug|Any CPU.Build.0 = Debug|Any CPU
		{4DC8567B-0423-49F7-8482-7311AE3FFA7D}.Release|Any CPU.ActiveCfg = Release|Any CPU
		{4DC8567B-0423-49F7-8482-7311AE3FFA7D}.Release|Any CPU.Build.0 = Release|Any CPU
		{8ADD826B-A77B-457F-AE69-F4C5277E6843}.Debug|Any CPU.ActiveCfg = Debug|Any CPU
		{8ADD826B-A77B-457F-AE69-F4C5277E6843}.Debug|Any CPU.Build.0 = Debug|Any CPU
		{8ADD826B-A77B-457F-AE69-F4C5277E6843}.Release|Any CPU.ActiveCfg = Release|Any CPU
		{8ADD826B-A77B-457F-AE69-F4C5277E6843}.Release|Any CPU.Build.0 = Release|Any CPU
		{EA9BA716-3F20-456F-B8F2-7F7453EAFEA1}.Debug|Any CPU.ActiveCfg = Debug|Any CPU
		{EA9BA716-3F20-456F-B8F2-7F7453EAFEA1}.Debug|Any CPU.Build.0 = Debug|Any CPU
		{EA9BA716-3F20-456F-B8F2-7F7453EAFEA1}.Release|Any CPU.ActiveCfg = Release|Any CPU
		{EA9BA716-3F20-456F-B8F2-7F7453EAFEA1}.Release|Any CPU.Build.0 = Release|Any CPU
		{F1127E14-3E17-4B2E-BFA9-948421A6D67F}.Debug|Any CPU.ActiveCfg = Debug|Any CPU
		{F1127E14-3E17-4B2E-BFA9-948421A6D67F}.Debug|Any CPU.Build.0 = Debug|Any CPU
		{F1127E14-3E17-4B2E-BFA9-948421A6D67F}.Release|Any CPU.ActiveCfg = Release|Any CPU
		{F1127E14-3E17-4B2E-BFA9-948421A6D67F}.Release|Any CPU.Build.0 = Release|Any CPU
		{321223EF-572F-4A71-B617-3E3FE8F2518B}.Debug|Any CPU.ActiveCfg = Debug|Any CPU
		{321223EF-572F-4A71-B617-3E3FE8F2518B}.Debug|Any CPU.Build.0 = Debug|Any CPU
		{321223EF-572F-4A71-B617-3E3FE8F2518B}.Release|Any CPU.ActiveCfg = Release|Any CPU
		{321223EF-572F-4A71-B617-3E3FE8F2518B}.Release|Any CPU.Build.0 = Release|Any CPU
	EndGlobalSection
	GlobalSection(SolutionProperties) = preSolution
		HideSolutionNode = FALSE
	EndGlobalSection
	GlobalSection(ExtensibilityGlobals) = postSolution
		SolutionGuid = {5ECF5BE7-E0DF-4D9D-A276-AA608399429B}
	EndGlobalSection
EndGlobal
