
Microsoft Visual Studio Solution File, Format Version 12.00
# Visual Studio Version 16
VisualStudioVersion = 16.0.30717.126
MinimumVisualStudioVersion = 10.0.40219.1
Project("{FAE04EC0-301F-11D3-BF4B-00C04F79EFBC}") = "01.Randomize-Words", "01.Randomize-Words\01.Randomize-Words.csproj", "{99DBA95D-97B8-4047-9E9D-8020C804D105}"
EndProject
Project("{FAE04EC0-301F-11D3-BF4B-00C04F79EFBC}") = "02.Big-Factorial", "02.Big-Factorial\02.Big-Factorial.csproj", "{8F940A71-5E11-43F7-A1FD-B153E4EA1EB1}"
EndProject
Project("{FAE04EC0-301F-11D3-BF4B-00C04F79EFBC}") = "03.Songs", "03.Songs\03.Songs.csproj", "{70EA5B57-7DDC-41EF-A1F4-315E214BC619}"
EndProject
Project("{FAE04EC0-301F-11D3-BF4B-00C04F79EFBC}") = "04.Students", "04.Students\04.Students.csproj", "{1D8B8D2B-27C6-44BF-9118-33CA664C2839}"
EndProject
Project("{FAE04EC0-301F-11D3-BF4B-00C04F79EFBC}") = "05.Students2.0", "05.Students2.0\05.Students2.0.csproj", "{A26C7086-3E9A-4F5F-98A3-56C8FB85938C}"
EndProject
Project("{FAE04EC0-301F-11D3-BF4B-00C04F79EFBC}") = "06.Store-Boxes", "06.Store-Boxes\06.Store-Boxes.csproj", "{746FC3BB-01F9-4F01-B476-8F46908F3693}"
EndProject
Project("{FAE04EC0-301F-11D3-BF4B-00C04F79EFBC}") = "07.Vehicle-Catalogue", "07.Vehicle-Catalogue\07.Vehicle-Catalogue.csproj", "{803A9475-86F3-4D94-8467-6CFF5E279CDE}"
EndProject
Global
	GlobalSection(SolutionConfigurationPlatforms) = preSolution
		Debug|Any CPU = Debug|Any CPU
		Release|Any CPU = Release|Any CPU
	EndGlobalSection
	GlobalSection(ProjectConfigurationPlatforms) = postSolution
		{99DBA95D-97B8-4047-9E9D-8020C804D105}.Debug|Any CPU.ActiveCfg = Debug|Any CPU
		{99DBA95D-97B8-4047-9E9D-8020C804D105}.Debug|Any CPU.Build.0 = Debug|Any CPU
		{99DBA95D-97B8-4047-9E9D-8020C804D105}.Release|Any CPU.ActiveCfg = Release|Any CPU
		{99DBA95D-97B8-4047-9E9D-8020C804D105}.Release|Any CPU.Build.0 = Release|Any CPU
		{8F940A71-5E11-43F7-A1FD-B153E4EA1EB1}.Debug|Any CPU.ActiveCfg = Debug|Any CPU
		{8F940A71-5E11-43F7-A1FD-B153E4EA1EB1}.Debug|Any CPU.Build.0 = Debug|Any CPU
		{8F940A71-5E11-43F7-A1FD-B153E4EA1EB1}.Release|Any CPU.ActiveCfg = Release|Any CPU
		{8F940A71-5E11-43F7-A1FD-B153E4EA1EB1}.Release|Any CPU.Build.0 = Release|Any CPU
		{70EA5B57-7DDC-41EF-A1F4-315E214BC619}.Debug|Any CPU.ActiveCfg = Debug|Any CPU
		{70EA5B57-7DDC-41EF-A1F4-315E214BC619}.Debug|Any CPU.Build.0 = Debug|Any CPU
		{70EA5B57-7DDC-41EF-A1F4-315E214BC619}.Release|Any CPU.ActiveCfg = Release|Any CPU
		{70EA5B57-7DDC-41EF-A1F4-315E214BC619}.Release|Any CPU.Build.0 = Release|Any CPU
		{1D8B8D2B-27C6-44BF-9118-33CA664C2839}.Debug|Any CPU.ActiveCfg = Debug|Any CPU
		{1D8B8D2B-27C6-44BF-9118-33CA664C2839}.Debug|Any CPU.Build.0 = Debug|Any CPU
		{1D8B8D2B-27C6-44BF-9118-33CA664C2839}.Release|Any CPU.ActiveCfg = Release|Any CPU
		{1D8B8D2B-27C6-44BF-9118-33CA664C2839}.Release|Any CPU.Build.0 = Release|Any CPU
		{A26C7086-3E9A-4F5F-98A3-56C8FB85938C}.Debug|Any CPU.ActiveCfg = Debug|Any CPU
		{A26C7086-3E9A-4F5F-98A3-56C8FB85938C}.Debug|Any CPU.Build.0 = Debug|Any CPU
		{A26C7086-3E9A-4F5F-98A3-56C8FB85938C}.Release|Any CPU.ActiveCfg = Release|Any CPU
		{A26C7086-3E9A-4F5F-98A3-56C8FB85938C}.Release|Any CPU.Build.0 = Release|Any CPU
		{746FC3BB-01F9-4F01-B476-8F46908F3693}.Debug|Any CPU.ActiveCfg = Debug|Any CPU
		{746FC3BB-01F9-4F01-B476-8F46908F3693}.Debug|Any CPU.Build.0 = Debug|Any CPU
		{746FC3BB-01F9-4F01-B476-8F46908F3693}.Release|Any CPU.ActiveCfg = Release|Any CPU
		{746FC3BB-01F9-4F01-B476-8F46908F3693}.Release|Any CPU.Build.0 = Release|Any CPU
		{803A9475-86F3-4D94-8467-6CFF5E279CDE}.Debug|Any CPU.ActiveCfg = Debug|Any CPU
		{803A9475-86F3-4D94-8467-6CFF5E279CDE}.Debug|Any CPU.Build.0 = Debug|Any CPU
		{803A9475-86F3-4D94-8467-6CFF5E279CDE}.Release|Any CPU.ActiveCfg = Release|Any CPU
		{803A9475-86F3-4D94-8467-6CFF5E279CDE}.Release|Any CPU.Build.0 = Release|Any CPU
	EndGlobalSection
	GlobalSection(SolutionProperties) = preSolution
		HideSolutionNode = FALSE
	EndGlobalSection
	GlobalSection(ExtensibilityGlobals) = postSolution
		SolutionGuid = {91D91598-4D2B-43E4-AD56-750ECF468D3A}
	EndGlobalSection
EndGlobal
