
Microsoft Visual Studio Solution File, Format Version 12.00
# Visual Studio Version 16
VisualStudioVersion = 16.0.30717.126
MinimumVisualStudioVersion = 10.0.40219.1
Project("{FAE04EC0-301F-11D3-BF4B-00C04F79EFBC}") = "01.Data-Types", "01.Data-Types\01.Data-Types.csproj", "{1DD03594-647F-4B84-8E1E-B7BF716DF8F3}"
EndProject
Project("{FAE04EC0-301F-11D3-BF4B-00C04F79EFBC}") = "02.Center-Point", "02.Center-Point\02.Center-Point.csproj", "{4DD641C9-725A-461D-9788-ED71772E4F59}"
EndProject
Project("{FAE04EC0-301F-11D3-BF4B-00C04F79EFBC}") = "03.Longer-Line", "03.Longer-Line\03.Longer-Line.csproj", "{F522395A-52CB-4D84-ACCC-263668EE89FF}"
EndProject
Project("{FAE04EC0-301F-11D3-BF4B-00C04F79EFBC}") = "04.Tribonacci-Sequence", "04.Tribonacci-Sequence\04.Tribonacci-Sequence.csproj", "{DF6D9E0B-68AA-44B8-ADC2-E1B3117494DE}"
EndProject
Project("{FAE04EC0-301F-11D3-BF4B-00C04F79EFBC}") = "05.Multiplication-Sign", "05.Multiplication-Sign\05.Multiplication-Sign.csproj", "{24CC48F3-9022-4948-8E94-D636FED05A5C}"
EndProject
Global
	GlobalSection(SolutionConfigurationPlatforms) = preSolution
		Debug|Any CPU = Debug|Any CPU
		Release|Any CPU = Release|Any CPU
	EndGlobalSection
	GlobalSection(ProjectConfigurationPlatforms) = postSolution
		{1DD03594-647F-4B84-8E1E-B7BF716DF8F3}.Debug|Any CPU.ActiveCfg = Debug|Any CPU
		{1DD03594-647F-4B84-8E1E-B7BF716DF8F3}.Debug|Any CPU.Build.0 = Debug|Any CPU
		{1DD03594-647F-4B84-8E1E-B7BF716DF8F3}.Release|Any CPU.ActiveCfg = Release|Any CPU
		{1DD03594-647F-4B84-8E1E-B7BF716DF8F3}.Release|Any CPU.Build.0 = Release|Any CPU
		{4DD641C9-725A-461D-9788-ED71772E4F59}.Debug|Any CPU.ActiveCfg = Debug|Any CPU
		{4DD641C9-725A-461D-9788-ED71772E4F59}.Debug|Any CPU.Build.0 = Debug|Any CPU
		{4DD641C9-725A-461D-9788-ED71772E4F59}.Release|Any CPU.ActiveCfg = Release|Any CPU
		{4DD641C9-725A-461D-9788-ED71772E4F59}.Release|Any CPU.Build.0 = Release|Any CPU
		{F522395A-52CB-4D84-ACCC-263668EE89FF}.Debug|Any CPU.ActiveCfg = Debug|Any CPU
		{F522395A-52CB-4D84-ACCC-263668EE89FF}.Debug|Any CPU.Build.0 = Debug|Any CPU
		{F522395A-52CB-4D84-ACCC-263668EE89FF}.Release|Any CPU.ActiveCfg = Release|Any CPU
		{F522395A-52CB-4D84-ACCC-263668EE89FF}.Release|Any CPU.Build.0 = Release|Any CPU
		{DF6D9E0B-68AA-44B8-ADC2-E1B3117494DE}.Debug|Any CPU.ActiveCfg = Debug|Any CPU
		{DF6D9E0B-68AA-44B8-ADC2-E1B3117494DE}.Debug|Any CPU.Build.0 = Debug|Any CPU
		{DF6D9E0B-68AA-44B8-ADC2-E1B3117494DE}.Release|Any CPU.ActiveCfg = Release|Any CPU
		{DF6D9E0B-68AA-44B8-ADC2-E1B3117494DE}.Release|Any CPU.Build.0 = Release|Any CPU
		{24CC48F3-9022-4948-8E94-D636FED05A5C}.Debug|Any CPU.ActiveCfg = Debug|Any CPU
		{24CC48F3-9022-4948-8E94-D636FED05A5C}.Debug|Any CPU.Build.0 = Debug|Any CPU
		{24CC48F3-9022-4948-8E94-D636FED05A5C}.Release|Any CPU.ActiveCfg = Release|Any CPU
		{24CC48F3-9022-4948-8E94-D636FED05A5C}.Release|Any CPU.Build.0 = Release|Any CPU
	EndGlobalSection
	GlobalSection(SolutionProperties) = preSolution
		HideSolutionNode = FALSE
	EndGlobalSection
	GlobalSection(ExtensibilityGlobals) = postSolution
		SolutionGuid = {F8E26484-DAB9-40EF-BB2B-14A68F79A5EA}
	EndGlobalSection
EndGlobal
