
Microsoft Visual Studio Solution File, Format Version 12.00
# Visual Studio Version 16
VisualStudioVersion = 16.0.30717.126
MinimumVisualStudioVersion = 10.0.40219.1
Project("{9A19103F-16F7-4668-BE54-9A1E7A4F7556}") = "01.Sort-Numbers", "01.Sort-Numbers\01.Sort-Numbers.csproj", "{07CEF6FD-125B-4C61-B703-16DC599D2334}"
EndProject
Project("{FAE04EC0-301F-11D3-BF4B-00C04F79EFBC}") = "02.English-Name-Of-The-Last-Digit", "02.English-Name-Of-The-Last-Digit\02.English-Name-Of-The-Last-Digit.csproj", "{0C6456FC-DDCC-44B1-80C1-DEEDAE8C501C}"
EndProject
Project("{FAE04EC0-301F-11D3-BF4B-00C04F79EFBC}") = "03.Gaming-Store", "03.Gaming-Store\03.Gaming-Store.csproj", "{C62E4E88-6771-4E98-9DAD-0905BFCB5A8A}"
EndProject
Project("{FAE04EC0-301F-11D3-BF4B-00C04F79EFBC}") = "04.Reverse-String", "04.Reverse-String\04.Reverse-String.csproj", "{C4703139-0B59-4220-9A7A-27EA2C5D23BB}"
EndProject
Project("{FAE04EC0-301F-11D3-BF4B-00C04F79EFBC}") = "05.Messages", "05.Messages\05.Messages.csproj", "{4D9CAB48-E820-4C72-8C44-7F4BF1542895}"
EndProject
Global
	GlobalSection(SolutionConfigurationPlatforms) = preSolution
		Debug|Any CPU = Debug|Any CPU
		Release|Any CPU = Release|Any CPU
	EndGlobalSection
	GlobalSection(ProjectConfigurationPlatforms) = postSolution
		{07CEF6FD-125B-4C61-B703-16DC599D2334}.Debug|Any CPU.ActiveCfg = Debug|Any CPU
		{07CEF6FD-125B-4C61-B703-16DC599D2334}.Debug|Any CPU.Build.0 = Debug|Any CPU
		{07CEF6FD-125B-4C61-B703-16DC599D2334}.Release|Any CPU.ActiveCfg = Release|Any CPU
		{07CEF6FD-125B-4C61-B703-16DC599D2334}.Release|Any CPU.Build.0 = Release|Any CPU
		{0C6456FC-DDCC-44B1-80C1-DEEDAE8C501C}.Debug|Any CPU.ActiveCfg = Debug|Any CPU
		{0C6456FC-DDCC-44B1-80C1-DEEDAE8C501C}.Debug|Any CPU.Build.0 = Debug|Any CPU
		{0C6456FC-DDCC-44B1-80C1-DEEDAE8C501C}.Release|Any CPU.ActiveCfg = Release|Any CPU
		{0C6456FC-DDCC-44B1-80C1-DEEDAE8C501C}.Release|Any CPU.Build.0 = Release|Any CPU
		{C62E4E88-6771-4E98-9DAD-0905BFCB5A8A}.Debug|Any CPU.ActiveCfg = Debug|Any CPU
		{C62E4E88-6771-4E98-9DAD-0905BFCB5A8A}.Debug|Any CPU.Build.0 = Debug|Any CPU
		{C62E4E88-6771-4E98-9DAD-0905BFCB5A8A}.Release|Any CPU.ActiveCfg = Release|Any CPU
		{C62E4E88-6771-4E98-9DAD-0905BFCB5A8A}.Release|Any CPU.Build.0 = Release|Any CPU
		{C4703139-0B59-4220-9A7A-27EA2C5D23BB}.Debug|Any CPU.ActiveCfg = Debug|Any CPU
		{C4703139-0B59-4220-9A7A-27EA2C5D23BB}.Debug|Any CPU.Build.0 = Debug|Any CPU
		{C4703139-0B59-4220-9A7A-27EA2C5D23BB}.Release|Any CPU.ActiveCfg = Release|Any CPU
		{C4703139-0B59-4220-9A7A-27EA2C5D23BB}.Release|Any CPU.Build.0 = Release|Any CPU
		{4D9CAB48-E820-4C72-8C44-7F4BF1542895}.Debug|Any CPU.ActiveCfg = Debug|Any CPU
		{4D9CAB48-E820-4C72-8C44-7F4BF1542895}.Debug|Any CPU.Build.0 = Debug|Any CPU
		{4D9CAB48-E820-4C72-8C44-7F4BF1542895}.Release|Any CPU.ActiveCfg = Release|Any CPU
		{4D9CAB48-E820-4C72-8C44-7F4BF1542895}.Release|Any CPU.Build.0 = Release|Any CPU
	EndGlobalSection
	GlobalSection(SolutionProperties) = preSolution
		HideSolutionNode = FALSE
	EndGlobalSection
	GlobalSection(ExtensibilityGlobals) = postSolution
		SolutionGuid = {E1B77DDF-9921-4CDE-A84F-36A6E936288F}
	EndGlobalSection
EndGlobal
